# @generated - this file is auto-generated by `mise lock` https://mise.jdx.dev/dev-tools/mise-lock.html

lockfile_version = 1

[[tools.xcodegen]]
version = "2.46.0"
backend = "aqua:yonaskolb/XcodeGen"
specifiers = ["2.46.0"]

[tools.xcodegen."platforms.macos-arm64"]
checksum = "sha256:4d9e34b62172d645eed6457cac13fc222569974098ef4ee9c3368bedf0196806"
url = "https://github.com/yonaskolb/XcodeGen/releases/download/2.46.0/xcodegen.zip"
url_api = "https://api.github.com/repos/yonaskolb/XcodeGen/releases/assets/478866069"

[tools.xcodegen."platforms.macos-x64"]
checksum = "sha256:4d9e34b62172d645eed6457cac13fc222569974098ef4ee9c3368bedf0196806"
url = "https://github.com/yonaskolb/XcodeGen/releases/download/2.46.0/xcodegen.zip"
url_api = "https://api.github.com/repos/yonaskolb/XcodeGen/releases/assets/478866069"
